{
  "name": "lib",
  "version": "1.0.0",
  "lockfileVersion": 1,
  "requires": true,
  "dependencies": {
    "@types/ramda": {
      "version": "0.26.16",
      "resolved": "https://registry.npmjs.org/@types/ramda/-/ramda-0.26.16.tgz",
      "integrity": "sha512-J+cv6Tm8tCovBt2SqEpy6Mzuf3XPPUW5X491yCHSgKs7epz2yNPupCik4BOIzpg5VF23cs6P2X8e66IUBPrgmQ==",
      "dev": true
    },
    "ramda": {
      "version": "0.26.1",
      "resolved": "https://registry.npmjs.org/ramda/-/ramda-0.26.1.tgz",
      "integrity": "sha512-hLWjpy7EnsDBb0p+Z3B7rPi3GDeRG5ZtiI33kJhTt+ORCd38AbAIjB/9zRIUoeTbE/AVX5ZkU7m6bznsvrf8eQ=="
    }
  }
}
