{
  "name": "@notowork/server",
  "version": "0.0.1",
  "lockfileVersion": 1,
  "requires": true,
  "dependencies": {
    "@types/bcryptjs": {
      "version": "2.4.2",
      "resolved": "https://registry.npmjs.org/@types/bcryptjs/-/bcryptjs-2.4.2.tgz",
      "integrity": "sha512-LiMQ6EOPob/4yUL66SZzu6Yh77cbzJFYll+ZfaPiPPFswtIlA/Fs1MzdKYA7JApHU49zQTbJGX3PDmCpIdDBRQ==",
      "dev": true
    },
    "@types/jsonwebtoken": {
      "version": "8.3.5",
      "resolved": "https://registry.npmjs.org/@types/jsonwebtoken/-/jsonwebtoken-8.3.5.tgz",
      "integrity": "sha512-VGM1gb+LwsQ5EPevvbvdnKncajBdYqNcrvixBif1BsiDQiSF1q+j4bBTvKC6Bt9n2kqNSx+yNTY2TVJ360E7EQ==",
      "dev": true,
      "requires": {
        "@types/node": "*"
      }
    },
    "@types/node": {
      "version": "10.14.13",
      "resolved": "https://registry.npmjs.org/@types/node/-/node-10.14.13.tgz",
      "integrity": "sha512-yN/FNNW1UYsRR1wwAoyOwqvDuLDtVXnaJTZ898XIw/Q5cCaeVAlVwvsmXLX5PuiScBYwZsZU4JYSHB3TvfdwvQ==",
      "dev": true
    }
  }
}
